
Microsoft Visual Studio Solution File, Format Version 12.00
# Visual Studio Version 16
VisualStudioVersion = 16.0.29503.13
MinimumVisualStudioVersion = 10.0.40219.1
Project("{FAE04EC0-301F-11D3-BF4B-00C04F79EFBC}") = "AssignmenQRCode", "AssignmenQRCode\AssignmenQRCode.csproj", "{FA9602C8-B3EF-4FBF-A8ED-8500FED6C23F}"
EndProject
Global
	GlobalSection(SolutionConfigurationPlatforms) = preSolution
		Debug|Any CPU = Debug|Any CPU
		Release|Any CPU = Release|Any CPU
	EndGlobalSection
	GlobalSection(ProjectConfigurationPlatforms) = postSolution
		{FA9602C8-B3EF-4FBF-A8ED-8500FED6C23F}.Debug|Any CPU.ActiveCfg = Debug|Any CPU
		{FA9602C8-B3EF-4FBF-A8ED-8500FED6C23F}.Debug|Any CPU.Build.0 = Debug|Any CPU
		{FA9602C8-B3EF-4FBF-A8ED-8500FED6C23F}.Release|Any CPU.ActiveCfg = Release|Any CPU
		{FA9602C8-B3EF-4FBF-A8ED-8500FED6C23F}.Release|Any CPU.Build.0 = Release|Any CPU
	EndGlobalSection
	GlobalSection(SolutionProperties) = preSolution
		HideSolutionNode = FALSE
	EndGlobalSection
	GlobalSection(ExtensibilityGlobals) = postSolution
		SolutionGuid = {028D10C5-FD7E-4777-A557-7C36018549D3}
	EndGlobalSection
EndGlobal
